
Microsoft Visual Studio Solution File, Format Version 12.00
# Visual Studio Version 17
VisualStudioVersion = 17.2.32630.192
MinimumVisualStudioVersion = 10.0.40219.1
Project("{FAE04EC0-301F-11D3-BF4B-00C04F79EFBC}") = "AutoGallery7", "AutoGallery7\AutoGallery7.csproj", "{A2A0ECAC-7BD6-425D-9C44-83195BFD8C27}"
EndProject
Global
	GlobalSection(SolutionConfigurationPlatforms) = preSolution
		Debug|Any CPU = Debug|Any CPU
		Release|Any CPU = Release|Any CPU
	EndGlobalSection
	GlobalSection(ProjectConfigurationPlatforms) = postSolution
		{A2A0ECAC-7BD6-425D-9C44-83195BFD8C27}.Debug|Any CPU.ActiveCfg = Debug|Any CPU
		{A2A0ECAC-7BD6-425D-9C44-83195BFD8C27}.Debug|Any CPU.Build.0 = Debug|Any CPU
		{A2A0ECAC-7BD6-425D-9C44-83195BFD8C27}.Release|Any CPU.ActiveCfg = Release|Any CPU
		{A2A0ECAC-7BD6-425D-9C44-83195BFD8C27}.Release|Any CPU.Build.0 = Release|Any CPU
	EndGlobalSection
	GlobalSection(SolutionProperties) = preSolution
		HideSolutionNode = FALSE
	EndGlobalSection
	GlobalSection(ExtensibilityGlobals) = postSolution
		SolutionGuid = {A29B33FA-B8D4-4C38-AE2E-7A3BF0A1A120}
	EndGlobalSection
EndGlobal
